
Microsoft Visual Studio Solution File, Format Version 12.00
# Visual Studio Version 17
VisualStudioVersion = 17.11.35222.181
MinimumVisualStudioVersion = 10.0.40219.1
Project("{FAE04EC0-301F-11D3-BF4B-00C04F79EFBC}") = "BlazorWithTailwindcss", "BlazorWithTailwindcss\BlazorWithTailwindcss.csproj", "{BEF19758-6D20-456E-8518-8C56F77B4D78}"
EndProject
Global
	GlobalSection(SolutionConfigurationPlatforms) = preSolution
		Debug|Any CPU = Debug|Any CPU
		Release|Any CPU = Release|Any CPU
	EndGlobalSection
	GlobalSection(ProjectConfigurationPlatforms) = postSolution
		{BEF19758-6D20-456E-8518-8C56F77B4D78}.Debug|Any CPU.ActiveCfg = Debug|Any CPU
		{BEF19758-6D20-456E-8518-8C56F77B4D78}.Debug|Any CPU.Build.0 = Debug|Any CPU
		{BEF19758-6D20-456E-8518-8C56F77B4D78}.Release|Any CPU.ActiveCfg = Release|Any CPU
		{BEF19758-6D20-456E-8518-8C56F77B4D78}.Release|Any CPU.Build.0 = Release|Any CPU
	EndGlobalSection
	GlobalSection(SolutionProperties) = preSolution
		HideSolutionNode = FALSE
	EndGlobalSection
	GlobalSection(ExtensibilityGlobals) = postSolution
		SolutionGuid = {C0B93C11-0591-40B6-A2D1-1908AAC2A50A}
	EndGlobalSection
EndGlobal
